
Microsoft Visual Studio Solution File, Format Version 12.00
# Visual Studio Version 16
VisualStudioVersion = 16.0.30517.126
MinimumVisualStudioVersion = 10.0.40219.1
Project("{9A19103F-16F7-4668-BE54-9A1E7A4F7556}") = "WeatherApp", "WeatherApp\WeatherApp.csproj", "{66E8C0D2-CA51-4476-887D-1217F93D1351}"
EndProject
Project("{9A19103F-16F7-4668-BE54-9A1E7A4F7556}") = "OpenWeatherAPI", "OpenWeatherAPI\OpenWeatherAPI.csproj", "{94BB7E7C-82C5-46EB-9640-E8E469D1790D}"
EndProject
Project("{9A19103F-16F7-4668-BE54-9A1E7A4F7556}") = "OpenWeatherAPITests", "OpenWeatherAPITests\OpenWeatherAPITests.csproj", "{4D83F53F-C4E4-4917-9415-871162E297B4}"
EndProject
Global
	GlobalSection(SolutionConfigurationPlatforms) = preSolution
		Debug|Any CPU = Debug|Any CPU
		Release|Any CPU = Release|Any CPU
	EndGlobalSection
	GlobalSection(ProjectConfigurationPlatforms) = postSolution
		{66E8C0D2-CA51-4476-887D-1217F93D1351}.Debug|Any CPU.ActiveCfg = Debug|Any CPU
		{66E8C0D2-CA51-4476-887D-1217F93D1351}.Debug|Any CPU.Build.0 = Debug|Any CPU
		{66E8C0D2-CA51-4476-887D-1217F93D1351}.Release|Any CPU.ActiveCfg = Release|Any CPU
		{66E8C0D2-CA51-4476-887D-1217F93D1351}.Release|Any CPU.Build.0 = Release|Any CPU
		{94BB7E7C-82C5-46EB-9640-E8E469D1790D}.Debug|Any CPU.ActiveCfg = Debug|Any CPU
		{94BB7E7C-82C5-46EB-9640-E8E469D1790D}.Debug|Any CPU.Build.0 = Debug|Any CPU
		{94BB7E7C-82C5-46EB-9640-E8E469D1790D}.Release|Any CPU.ActiveCfg = Release|Any CPU
		{94BB7E7C-82C5-46EB-9640-E8E469D1790D}.Release|Any CPU.Build.0 = Release|Any CPU
		{4D83F53F-C4E4-4917-9415-871162E297B4}.Debug|Any CPU.ActiveCfg = Debug|Any CPU
		{4D83F53F-C4E4-4917-9415-871162E297B4}.Debug|Any CPU.Build.0 = Debug|Any CPU
		{4D83F53F-C4E4-4917-9415-871162E297B4}.Release|Any CPU.ActiveCfg = Release|Any CPU
		{4D83F53F-C4E4-4917-9415-871162E297B4}.Release|Any CPU.Build.0 = Release|Any CPU
	EndGlobalSection
	GlobalSection(SolutionProperties) = preSolution
		HideSolutionNode = FALSE
	EndGlobalSection
	GlobalSection(ExtensibilityGlobals) = postSolution
		SolutionGuid = {0A87784A-A6F0-40E8-BAD6-931A391C2044}
	EndGlobalSection
EndGlobal
